
Microsoft Visual Studio Solution File, Format Version 12.00
# Visual Studio 14
VisualStudioVersion = 14.0.24720.0
MinimumVisualStudioVersion = 10.0.40219.1
Project("{FAE04EC0-301F-11D3-BF4B-00C04F79EFBC}") = "EncryptMethodTest", "EncryptMethodTest\EncryptMethodTest.csproj", "{F4512DCA-AC81-40A2-82D1-B0C8A69189E2}"
EndProject
Project("{8BC9CEB8-8B4A-11D0-8D11-00A0C91BC942}") = "HookJit", "HookJit\HookJit.vcxproj", "{9F057FE8-9302-471B-9C8E-5D9EE523C556}"
EndProject
Global
	GlobalSection(SolutionConfigurationPlatforms) = preSolution
		Debug|Any CPU = Debug|Any CPU
		Debug|x64 = Debug|x64
		Debug|x86 = Debug|x86
		Release|Any CPU = Release|Any CPU
		Release|x64 = Release|x64
		Release|x86 = Release|x86
	EndGlobalSection
	GlobalSection(ProjectConfigurationPlatforms) = postSolution
		{F4512DCA-AC81-40A2-82D1-B0C8A69189E2}.Debug|Any CPU.ActiveCfg = Debug|Any CPU
		{F4512DCA-AC81-40A2-82D1-B0C8A69189E2}.Debug|Any CPU.Build.0 = Debug|Any CPU
		{F4512DCA-AC81-40A2-82D1-B0C8A69189E2}.Debug|x64.ActiveCfg = Debug|Any CPU
		{F4512DCA-AC81-40A2-82D1-B0C8A69189E2}.Debug|x64.Build.0 = Debug|Any CPU
		{F4512DCA-AC81-40A2-82D1-B0C8A69189E2}.Debug|x86.ActiveCfg = Debug|Any CPU
		{F4512DCA-AC81-40A2-82D1-B0C8A69189E2}.Debug|x86.Build.0 = Debug|Any CPU
		{F4512DCA-AC81-40A2-82D1-B0C8A69189E2}.Release|Any CPU.ActiveCfg = Release|Any CPU
		{F4512DCA-AC81-40A2-82D1-B0C8A69189E2}.Release|Any CPU.Build.0 = Release|Any CPU
		{F4512DCA-AC81-40A2-82D1-B0C8A69189E2}.Release|x64.ActiveCfg = Release|Any CPU
		{F4512DCA-AC81-40A2-82D1-B0C8A69189E2}.Release|x64.Build.0 = Release|Any CPU
		{F4512DCA-AC81-40A2-82D1-B0C8A69189E2}.Release|x86.ActiveCfg = Release|Any CPU
		{F4512DCA-AC81-40A2-82D1-B0C8A69189E2}.Release|x86.Build.0 = Release|Any CPU
		{9F057FE8-9302-471B-9C8E-5D9EE523C556}.Debug|Any CPU.ActiveCfg = Debug|Win32
		{9F057FE8-9302-471B-9C8E-5D9EE523C556}.Debug|x64.ActiveCfg = Debug|x64
		{9F057FE8-9302-471B-9C8E-5D9EE523C556}.Debug|x64.Build.0 = Debug|x64
		{9F057FE8-9302-471B-9C8E-5D9EE523C556}.Debug|x86.ActiveCfg = Debug|Win32
		{9F057FE8-9302-471B-9C8E-5D9EE523C556}.Debug|x86.Build.0 = Debug|Win32
		{9F057FE8-9302-471B-9C8E-5D9EE523C556}.Release|Any CPU.ActiveCfg = Release|Win32
		{9F057FE8-9302-471B-9C8E-5D9EE523C556}.Release|x64.ActiveCfg = Release|x64
		{9F057FE8-9302-471B-9C8E-5D9EE523C556}.Release|x64.Build.0 = Release|x64
		{9F057FE8-9302-471B-9C8E-5D9EE523C556}.Release|x86.ActiveCfg = Release|Win32
		{9F057FE8-9302-471B-9C8E-5D9EE523C556}.Release|x86.Build.0 = Release|Win32
	EndGlobalSection
	GlobalSection(SolutionProperties) = preSolution
		HideSolutionNode = FALSE
	EndGlobalSection
EndGlobal
